# This file is automatically @generated by Cargo.
# It is not intended for manual editing.
version = 4

[[package]]
name = "latoile-agents"
version = "0.1.0"

[[package]]
name = "latoile-app"
version = "0.1.0"

[[package]]
name = "latoile-cli"
version = "0.1.0"

[[package]]
name = "latoile-core"
version = "0.1.0"

[[package]]
name = "latoile-github"
version = "0.1.0"

[[package]]
name = "latoile-preview"
version = "0.1.0"

[[package]]
name = "latoile-server"
version = "0.1.0"

[[package]]
name = "latoile-vault"
version = "0.1.0"
